// !$*UTF8*$!
{
	archiveVersion = 1;
	classes = {
	};
	objectVersion = 77;
	objects = {

/* Begin PBXContainerItemProxy section */
		4B3FC3DD2DD60AC800C39C40 /* PBXContainerItemProxy */ = {
			isa = PBXContainerItemProxy;
			containerPortal = 4B3FC3C72DD60AC700C39C40 /* Project object */;
			proxyType = 1;
			remoteGlobalIDString = 4B3FC3CE2DD60AC700C39C40;
			remoteInfo = mineCrypto;
		};
		4B3FC3E72DD60AC800C39C40 /* PBXContainerItemProxy */ = {
			isa = PBXContainerItemProxy;
			containerPortal = 4B3FC3C72DD60AC700C39C40 /* Project object */;
			proxyType = 1;
			remoteGlobalIDString = 4B3FC3CE2DD60AC700C39C40;
			remoteInfo = mineCrypto;
		};
/* End PBXContainerItemProxy section */

/* Begin PBXFileReference section */
		4B3FC3CF2DD60AC700C39C40 /* mineCrypto.app */ = {isa = PBXFileReference; explicitFileType = wrapper.application; includeInIndex = 0; path = mineCrypto.app; sourceTree = BUILT_PRODUCTS_DIR; };
		4B3FC3DC2DD60AC800C39C40 /* mineCryptoTests.xctest */ = {isa = PBXFileReference; explicitFileType = wrapper.cfbundle; includeInIndex = 0; path = mineCryptoTests.xctest; sourceTree = BUILT_PRODUCTS_DIR; };
		4B3FC3E62DD60AC800C39C40 /* mineCryptoUITests.xctest */ = {isa = PBXFileReference; explicitFileType = wrapper.cfbundle; includeInIndex = 0; path = mineCryptoUITests.xctest; sourceTree = BUILT_PRODUCTS_DIR; };
/* End PBXFileReference section */

/* Begin PBXFileSystemSynchronizedRootGroup section */
		4B3FC3D12DD60AC700C39C40 /* mineCrypto */ = {
			isa = PBXFileSystemSynchronizedRootGroup;
			path = mineCrypto;
			sourceTree = "<group>";
		};
		4B3FC3DF2DD60AC800C39C40 /* mineCryptoTests */ = {
			isa = PBXFileSystemSynchronizedRootGroup;
			path = mineCryptoTests;
			sourceTree = "<group>";
		};
		4B3FC3E92DD60AC800C39C40 /* mineCryptoUITests */ = {
			isa = PBXFileSystemSynchronizedRootGroup;
			path = mineCryptoUITests;
			sourceTree = "<group>";
		};
/* End PBXFileSystemSynchronizedRootGroup section */

/* Begin PBXFrameworksBuildPhase section */
		4B3FC3CC2DD60AC700C39C40 /* Frameworks */ = {
			isa = PBXFrameworksBuildPhase;
			buildActionMask = 2147483647;
			files = (
			);
			runOnlyForDeploymentPostprocessing = 0;
		};
		4B3FC3D92DD60AC800C39C40 /* Frameworks */ = {
			isa = PBXFrameworksBuildPhase;
			buildActionMask = 2147483647;
			files = (
			);
			runOnlyForDeploymentPostprocessing = 0;
		};
		4B3FC3E32DD60AC800C39C40 /* Frameworks */ = {
			isa = PBXFrameworksBuildPhase;
			buildActionMask = 2147483647;
			files = (
			);
			runOnlyForDeploymentPostprocessing = 0;
		};
/* End PBXFrameworksBuildPhase section */

/* Begin PBXGroup section */
		4B3FC3C62DD60AC700C39C40 = {
			isa = PBXGroup;
			children = (
				4B3FC3D12DD60AC700C39C40 /* mineCrypto */,
				4B3FC3DF2DD60AC800C39C40 /* mineCryptoTests */,
				4B3FC3E92DD60AC800C39C40 /* mineCryptoUITests */,
				4B3FC3D02DD60AC700C39C40 /* Products */,
			);
			sourceTree = "<group>";
		};
		4B3FC3D02DD60AC700C39C40 /* Products */ = {
			isa = PBXGroup;
			children = (
				4B3FC3CF2DD60AC700C39C40 /* mineCrypto.app */,
				4B3FC3DC2DD60AC800C39C40 /* mineCryptoTests.xctest */,
				4B3FC3E62DD60AC800C39C40 /* mineCryptoUITests.xctest */,
			);
			name = Products;
			sourceTree = "<group>";
		};
/* End PBXGroup section */

/* Begin PBXNativeTarget section */
		4B3FC3CE2DD60AC700C39C40 /* mineCrypto */ = {
			isa = PBXNativeTarget;
			buildConfigurationList = 4B3FC3F02DD60AC800C39C40 /* Build configuration list for PBXNativeTarget "mineCrypto" */;
			buildPhases = (
				4B3FC3CB2DD60AC700C39C40 /* Sources */,
				4B3FC3CC2DD60AC700C39C40 /* Frameworks */,
				4B3FC3CD2DD60AC700C39C40 /* Resources */,
			);
			buildRules = (
			);
			dependencies = (
			);
			fileSystemSynchronizedGroups = (
				4B3FC3D12DD60AC700C39C40 /* mineCrypto */,
			);
			name = mineCrypto;
			packageProductDependencies = (
			);
			productName = mineCrypto;
			productReference = 4B3FC3CF2DD60AC700C39C40 /* mineCrypto.app */;
			productType = "com.apple.product-type.application";
		};
		4B3FC3DB2DD60AC800C39C40 /* mineCryptoTests */ = {
			isa = PBXNativeTarget;
			buildConfigurationList = 4B3FC3F32DD60AC800C39C40 /* Build configuration list for PBXNativeTarget "mineCryptoTests" */;
			buildPhases = (
				4B3FC3D82DD60AC800C39C40 /* Sources */,
				4B3FC3D92DD60AC800C39C40 /* Frameworks */,
				4B3FC3DA2DD60AC800C39C40 /* Resources */,
			);
			buildRules = (
			);
			dependencies = (
				4B3FC3DE2DD60AC800C39C40 /* PBXTargetDependency */,
			);
			fileSystemSynchronizedGroups = (
				4B3FC3DF2DD60AC800C39C40 /* mineCryptoTests */,
			);
			name = mineCryptoTests;
			packageProductDependencies = (
			);
			productName = mineCryptoTests;
			productReference = 4B3FC3DC2DD60AC800C39C40 /* mineCryptoTests.xctest */;
			productType = "com.apple.product-type.bundle.unit-test";
		};
		4B3FC3E52DD60AC800C39C40 /* mineCryptoUITests */ = {
			isa = PBXNativeTarget;
			buildConfigurationList = 4B3FC3F62DD60AC800C39C40 /* Build configuration list for PBXNativeTarget "mineCryptoUITests" */;
			buildPhases = (
				4B3FC3E22DD60AC800C39C40 /* Sources */,
				4B3FC3E32DD60AC800C39C40 /* Frameworks */,
				4B3FC3E42DD60AC800C39C40 /* Resources */,
			);
			buildRules = (
			);
			dependencies = (
				4B3FC3E82DD60AC800C39C40 /* PBXTargetDependency */,
			);
			fileSystemSynchronizedGroups = (
				4B3FC3E92DD60AC800C39C40 /* mineCryptoUITests */,
			);
			name = mineCryptoUITests;
			packageProductDependencies = (
			);
			productName = mineCryptoUITests;
			productReference = 4B3FC3E62DD60AC800C39C40 /* mineCryptoUITests.xctest */;
			productType = "com.apple.product-type.bundle.ui-testing";
		};
/* End PBXNativeTarget section */

/* Begin PBXProject section */
		4B3FC3C72DD60AC700C39C40 /* Project object */ = {
			isa = PBXProject;
			attributes = {
				BuildIndependentTargetsInParallel = 1;
				LastSwiftUpdateCheck = 1630;
				LastUpgradeCheck = 1630;
				TargetAttributes = {
					4B3FC3CE2DD60AC700C39C40 = {
						CreatedOnToolsVersion = 16.3;
					};
					4B3FC3DB2DD60AC800C39C40 = {
						CreatedOnToolsVersion = 16.3;
						TestTargetID = 4B3FC3CE2DD60AC700C39C40;
					};
					4B3FC3E52DD60AC800C39C40 = {
						CreatedOnToolsVersion = 16.3;
						TestTargetID = 4B3FC3CE2DD60AC700C39C40;
					};
				};
			};
			buildConfigurationList = 4B3FC3CA2DD60AC700C39C40 /* Build configuration list for PBXProject "mineCrypto" */;
			developmentRegion = en;
			hasScannedForEncodings = 0;
			knownRegions = (
				en,
				Base,
			);
			mainGroup = 4B3FC3C62DD60AC700C39C40;
			minimizedProjectReferenceProxies = 1;
			preferredProjectObjectVersion = 77;
			productRefGroup = 4B3FC3D02DD60AC700C39C40 /* Products */;
			projectDirPath = "";
			projectRoot = "";
			targets = (
				4B3FC3CE2DD60AC700C39C40 /* mineCrypto */,
				4B3FC3DB2DD60AC800C39C40 /* mineCryptoTests */,
				4B3FC3E52DD60AC800C39C40 /* mineCryptoUITests */,
			);
		};
/* End PBXProject section */

/* Begin PBXResourcesBuildPhase section */
		4B3FC3CD2DD60AC700C39C40 /* Resources */ = {
			isa = PBXResourcesBuildPhase;
			buildActionMask = 2147483647;
			files = (
			);
			runOnlyForDeploymentPostprocessing = 0;
		};
		4B3FC3DA2DD60AC800C39C40 /* Resources */ = {
			isa = PBXResourcesBuildPhase;
			buildActionMask = 2147483647;
			files = (
			);
			runOnlyForDeploymentPostprocessing = 0;
		};
		4B3FC3E42DD60AC800C39C40 /* Resources */ = {
			isa = PBXResourcesBuildPhase;
			buildActionMask = 2147483647;
			files = (
			);
			runOnlyForDeploymentPostprocessing = 0;
		};
/* End PBXResourcesBuildPhase section */

/* Begin PBXSourcesBuildPhase section */
		4B3FC3CB2DD60AC700C39C40 /* Sources */ = {
			isa = PBXSourcesBuildPhase;
			buildActionMask = 2147483647;
			files = (
			);
			runOnlyForDeploymentPostprocessing = 0;
		};
		4B3FC3D82DD60AC800C39C40 /* Sources */ = {
			isa = PBXSourcesBuildPhase;
			buildActionMask = 2147483647;
			files = (
			);
			runOnlyForDeploymentPostprocessing = 0;
		};
		4B3FC3E22DD60AC800C39C40 /* Sources */ = {
			isa = PBXSourcesBuildPhase;
			buildActionMask = 2147483647;
			files = (
			);
			runOnlyForDeploymentPostprocessing = 0;
		};
/* End PBXSourcesBuildPhase section */

/* Begin PBXTargetDependency section */
		4B3FC3DE2DD60AC800C39C40 /* PBXTargetDependency */ = {
			isa = PBXTargetDependency;
			target = 4B3FC3CE2DD60AC700C39C40 /* mineCrypto */;
			targetProxy = 4B3FC3DD2DD60AC800C39C40 /* PBXContainerItemProxy */;
		};
		4B3FC3E82DD60AC800C39C40 /* PBXTargetDependency */ = {
			isa = PBXTargetDependency;
			target = 4B3FC3CE2DD60AC700C39C40 /* mineCrypto */;
			targetProxy = 4B3FC3E72DD60AC800C39C40 /* PBXContainerItemProxy */;
		};
/* End PBXTargetDependency section */

/* Begin XCBuildConfiguration section */
		4B3FC3EE2DD60AC800C39C40 /* Debug */ = {
			isa = XCBuildConfiguration;
			buildSettings = {
				ALWAYS_SEARCH_USER_PATHS = NO;
				ASSETCATALOG_COMPILER_GENERATE_SWIFT_ASSET_SYMBOL_EXTENSIONS = YES;
				CLANG_ANALYZER_NONNULL = YES;
				CLANG_ANALYZER_NUMBER_OBJECT_CONVERSION = YES_AGGRESSIVE;
				CLANG_CXX_LANGUAGE_STANDARD = "gnu++20";
				CLANG_ENABLE_MODULES = YES;
				CLANG_ENABLE_OBJC_ARC = YES;
				CLANG_ENABLE_OBJC_WEAK = YES;
				CLANG_WARN_BLOCK_CAPTURE_AUTORELEASING = YES;
				CLANG_WARN_BOOL_CONVERSION = YES;
				CLANG_WARN_COMMA = YES;
				CLANG_WARN_CONSTANT_CONVERSION = YES;
				CLANG_WARN_DEPRECATED_OBJC_IMPLEMENTATIONS = YES;
				CLANG_WARN_DIRECT_OBJC_ISA_USAGE = YES_ERROR;
				CLANG_WARN_DOCUMENTATION_COMMENTS = YES;
				CLANG_WARN_EMPTY_BODY = YES;
				CLANG_WARN_ENUM_CONVERSION = YES;
				CLANG_WARN_INFINITE_RECURSION = YES;
				CLANG_WARN_INT_CONVERSION = YES;
				CLANG_WARN_NON_LITERAL_NULL_CONVERSION = YES;
				CLANG_WARN_OBJC_IMPLICIT_RETAIN_SELF = YES;
				CLANG_WARN_OBJC_LITERAL_CONVERSION = YES;
				CLANG_WARN_OBJC_ROOT_CLASS = YES_ERROR;
				CLANG_WARN_QUOTED_INCLUDE_IN_FRAMEWORK_HEADER = YES;
				CLANG_WARN_RANGE_LOOP_ANALYSIS = YES;
				CLANG_WARN_STRICT_PROTOTYPES = YES;
				CLANG_WARN_SUSPICIOUS_MOVE = YES;
				CLANG_WARN_UNGUARDED_AVAILABILITY = YES_AGGRESSIVE;
				CLANG_WARN_UNREACHABLE_CODE = YES;
				CLANG_WARN__DUPLICATE_METHOD_MATCH = YES;
				COPY_PHASE_STRIP = NO;
				DEBUG_INFORMATION_FORMAT = dwarf;
				DEVELOPMENT_TEAM = YGXMN59KF3;
				ENABLE_STRICT_OBJC_MSGSEND = YES;
				ENABLE_TESTABILITY = YES;
				ENABLE_USER_SCRIPT_SANDBOXING = YES;
				GCC_C_LANGUAGE_STANDARD = gnu17;
				GCC_DYNAMIC_NO_PIC = NO;
				GCC_NO_COMMON_BLOCKS = YES;
				GCC_OPTIMIZATION_LEVEL = 0;
				GCC_PREPROCESSOR_DEFINITIONS = (
					"DEBUG=1",
					"$(inherited)",
				);
				GCC_WARN_64_TO_32_BIT_CONVERSION = YES;
				GCC_WARN_ABOUT_RETURN_TYPE = YES_ERROR;
				GCC_WARN_UNDECLARED_SELECTOR = YES;
				GCC_WARN_UNINITIALIZED_AUTOS = YES_AGGRESSIVE;
				GCC_WARN_UNUSED_FUNCTION = YES;
				GCC_WARN_UNUSED_VARIABLE = YES;
				IPHONEOS_DEPLOYMENT_TARGET = 18.4;
				LOCALIZATION_PREFERS_STRING_CATALOGS = YES;
				MTL_ENABLE_DEBUG_INFO = INCLUDE_SOURCE;
				MTL_FAST_MATH = YES;
				ONLY_ACTIVE_ARCH = YES;
				SDKROOT = iphoneos;
				SWIFT_ACTIVE_COMPILATION_CONDITIONS = "DEBUG $(inherited)";
				SWIFT_OPTIMIZATION_LEVEL = "-Onone";
			};
			name = Debug;
		};
		4B3FC3EF2DD60AC800C39C40 /* Release */ = {
			isa = XCBuildConfiguration;
			buildSettings = {
				ALWAYS_SEARCH_USER_PATHS = NO;
				ASSETCATALOG_COMPILER_GENERATE_SWIFT_ASSET_SYMBOL_EXTENSIONS = YES;
				CLANG_ANALYZER_NONNULL = YES;
				CLANG_ANALYZER_NUMBER_OBJECT_CONVERSION = YES_AGGRESSIVE;
				CLANG_CXX_LANGUAGE_STANDARD = "gnu++20";
				CLANG_ENABLE_MODULES = YES;
				CLANG_ENABLE_OBJC_ARC = YES;
				CLANG_ENABLE_OBJC_WEAK = YES;
				CLANG_WARN_BLOCK_CAPTURE_AUTORELEASING = YES;
				CLANG_WARN_BOOL_CONVERSION = YES;
				CLANG_WARN_COMMA = YES;
				CLANG_WARN_CONSTANT_CONVERSION = YES;
				CLANG_WARN_DEPRECATED_OBJC_IMPLEMENTATIONS = YES;
				CLANG_WARN_DIRECT_OBJC_ISA_USAGE = YES_ERROR;
				CLANG_WARN_DOCUMENTATION_COMMENTS = YES;
				CLANG_WARN_EMPTY_BODY = YES;
				CLANG_WARN_ENUM_CONVERSION = YES;
				CLANG_WARN_INFINITE_RECURSION = YES;
				CLANG_WARN_INT_CONVERSION = YES;
				CLANG_WARN_NON_LITERAL_NULL_CONVERSION = YES;
				CLANG_WARN_OBJC_IMPLICIT_RETAIN_SELF = YES;
				CLANG_WARN_OBJC_LITERAL_CONVERSION = YES;
				CLANG_WARN_OBJC_ROOT_CLASS = YES_ERROR;
				CLANG_WARN_QUOTED_INCLUDE_IN_FRAMEWORK_HEADER = YES;
				CLANG_WARN_RANGE_LOOP_ANALYSIS = YES;
				CLANG_WARN_STRICT_PROTOTYPES = YES;
				CLANG_WARN_SUSPICIOUS_MOVE = YES;
				CLANG_WARN_UNGUARDED_AVAILABILITY = YES_AGGRESSIVE;
				CLANG_WARN_UNREACHABLE_CODE = YES;
				CLANG_WARN__DUPLICATE_METHOD_MATCH = YES;
				COPY_PHASE_STRIP = NO;
				DEBUG_INFORMATION_FORMAT = "dwarf-with-dsym";
				DEVELOPMENT_TEAM = YGXMN59KF3;
				ENABLE_NS_ASSERTIONS = NO;
				ENABLE_STRICT_OBJC_MSGSEND = YES;
				ENABLE_USER_SCRIPT_SANDBOXING = YES;
				GCC_C_LANGUAGE_STANDARD = gnu17;
				GCC_NO_COMMON_BLOCKS = YES;
				GCC_WARN_64_TO_32_BIT_CONVERSION = YES;
				GCC_WARN_ABOUT_RETURN_TYPE = YES_ERROR;
				GCC_WARN_UNDECLARED_SELECTOR = YES;
				GCC_WARN_UNINITIALIZED_AUTOS = YES_AGGRESSIVE;
				GCC_WARN_UNUSED_FUNCTION = YES;
				GCC_WARN_UNUSED_VARIABLE = YES;
				IPHONEOS_DEPLOYMENT_TARGET = 18.4;
				LOCALIZATION_PREFERS_STRING_CATALOGS = YES;
				MTL_ENABLE_DEBUG_INFO = NO;
				MTL_FAST_MATH = YES;
				SDKROOT = iphoneos;
				SWIFT_COMPILATION_MODE = wholemodule;
				VALIDATE_PRODUCT = YES;
			};
			name = Release;
		};
		4B3FC3F12DD60AC800C39C40 /* Debug */ = {
			isa = XCBuildConfiguration;
			buildSettings = {
				ASSETCATALOG_COMPILER_APPICON_NAME = AppIcon;
				ASSETCATALOG_COMPILER_GLOBAL_ACCENT_COLOR_NAME = AccentColor;
				CODE_SIGN_STYLE = Automatic;
				CURRENT_PROJECT_VERSION = 1;
				DEVELOPMENT_TEAM = YGXMN59KF3;
				ENABLE_PREVIEWS = YES;
				GENERATE_INFOPLIST_FILE = YES;
				INFOPLIST_KEY_CFBundleDisplayName = mineCrypto;
				INFOPLIST_KEY_UIApplicationSceneManifest_Generation = YES;
				INFOPLIST_KEY_UIApplicationSupportsIndirectInputEvents = YES;
				INFOPLIST_KEY_UILaunchStoryboardName = Storyboard.storyboard;
				INFOPLIST_KEY_UISupportedInterfaceOrientations = UIInterfaceOrientationPortrait;
				LD_RUNPATH_SEARCH_PATHS = (
					"$(inherited)",
					"@executable_path/Frameworks",
				);
				MARKETING_VERSION = 1.0;
				PRODUCT_BUNDLE_IDENTIFIER = SyntaxErr0r.mineCrypto;
				PRODUCT_NAME = "$(TARGET_NAME)";
				SWIFT_EMIT_LOC_STRINGS = YES;
				SWIFT_VERSION = 5.0;
				TARGETED_DEVICE_FAMILY = "1,2";
			};
			name = Debug;
		};
		4B3FC3F22DD60AC800C39C40 /* Release */ = {
			isa = XCBuildConfiguration;
			buildSettings = {
				ASSETCATALOG_COMPILER_APPICON_NAME = AppIcon;
				ASSETCATALOG_COMPILER_GLOBAL_ACCENT_COLOR_NAME = AccentColor;
				CODE_SIGN_STYLE = Automatic;
				CURRENT_PROJECT_VERSION = 1;
				DEVELOPMENT_TEAM = YGXMN59KF3;
				ENABLE_PREVIEWS = YES;
				GENERATE_INFOPLIST_FILE = YES;
				INFOPLIST_KEY_CFBundleDisplayName = mineCrypto;
				INFOPLIST_KEY_UIApplicationSceneManifest_Generation = YES;
				INFOPLIST_KEY_UIApplicationSupportsIndirectInputEvents = YES;
				INFOPLIST_KEY_UILaunchStoryboardName = Storyboard.storyboard;
				INFOPLIST_KEY_UISupportedInterfaceOrientations = UIInterfaceOrientationPortrait;
				LD_RUNPATH_SEARCH_PATHS = (
					"$(inherited)",
					"@executable_path/Frameworks",
				);
				MARKETING_VERSION = 1.0;
				PRODUCT_BUNDLE_IDENTIFIER = SyntaxErr0r.mineCrypto;
				PRODUCT_NAME = "$(TARGET_NAME)";
				SWIFT_EMIT_LOC_STRINGS = YES;
				SWIFT_VERSION = 5.0;
				TARGETED_DEVICE_FAMILY = "1,2";
			};
			name = Release;
		};
		4B3FC3F42DD60AC800C39C40 /* Debug */ = {
			isa = XCBuildConfiguration;
			buildSettings = {
				BUNDLE_LOADER = "$(TEST_HOST)";
				CODE_SIGN_STYLE = Automatic;
				CURRENT_PROJECT_VERSION = 1;
				DEVELOPMENT_TEAM = YGXMN59KF3;
				GENERATE_INFOPLIST_FILE = YES;
				IPHONEOS_DEPLOYMENT_TARGET = 18.4;
				MARKETING_VERSION = 1.0;
				PRODUCT_BUNDLE_IDENTIFIER = SyntaxErr0r.mineCryptoTests;
				PRODUCT_NAME = "$(TARGET_NAME)";
				SWIFT_EMIT_LOC_STRINGS = NO;
				SWIFT_VERSION = 5.0;
				TARGETED_DEVICE_FAMILY = "1,2";
				TEST_HOST = "$(BUILT_PRODUCTS_DIR)/mineCrypto.app/$(BUNDLE_EXECUTABLE_FOLDER_PATH)/mineCrypto";
			};
			name = Debug;
		};
		4B3FC3F52DD60AC800C39C40 /* Release */ = {
			isa = XCBuildConfiguration;
			buildSettings = {
				BUNDLE_LOADER = "$(TEST_HOST)";
				CODE_SIGN_STYLE = Automatic;
				CURRENT_PROJECT_VERSION = 1;
				DEVELOPMENT_TEAM = YGXMN59KF3;
				GENERATE_INFOPLIST_FILE = YES;
				IPHONEOS_DEPLOYMENT_TARGET = 18.4;
				MARKETING_VERSION = 1.0;
				PRODUCT_BUNDLE_IDENTIFIER = SyntaxErr0r.mineCryptoTests;
				PRODUCT_NAME = "$(TARGET_NAME)";
				SWIFT_EMIT_LOC_STRINGS = NO;
				SWIFT_VERSION = 5.0;
				TARGETED_DEVICE_FAMILY = "1,2";
				TEST_HOST = "$(BUILT_PRODUCTS_DIR)/mineCrypto.app/$(BUNDLE_EXECUTABLE_FOLDER_PATH)/mineCrypto";
			};
			name = Release;
		};
		4B3FC3F72DD60AC800C39C40 /* Debug */ = {
			isa = XCBuildConfiguration;
			buildSettings = {
				CODE_SIGN_STYLE = Automatic;
				CURRENT_PROJECT_VERSION = 1;
				DEVELOPMENT_TEAM = YGXMN59KF3;
				GENERATE_INFOPLIST_FILE = YES;
				MARKETING_VERSION = 1.0;
				PRODUCT_BUNDLE_IDENTIFIER = SyntaxErr0r.mineCryptoUITests;
				PRODUCT_NAME = "$(TARGET_NAME)";
				SWIFT_EMIT_LOC_STRINGS = NO;
				SWIFT_VERSION = 5.0;
				TARGETED_DEVICE_FAMILY = "1,2";
				TEST_TARGET_NAME = mineCrypto;
			};
			name = Debug;
		};
		4B3FC3F82DD60AC800C39C40 /* Release */ = {
			isa = XCBuildConfiguration;
			buildSettings = {
				CODE_SIGN_STYLE = Automatic;
				CURRENT_PROJECT_VERSION = 1;
				DEVELOPMENT_TEAM = YGXMN59KF3;
				GENERATE_INFOPLIST_FILE = YES;
				MARKETING_VERSION = 1.0;
				PRODUCT_BUNDLE_IDENTIFIER = SyntaxErr0r.mineCryptoUITests;
				PRODUCT_NAME = "$(TARGET_NAME)";
				SWIFT_EMIT_LOC_STRINGS = NO;
				SWIFT_VERSION = 5.0;
				TARGETED_DEVICE_FAMILY = "1,2";
				TEST_TARGET_NAME = mineCrypto;
			};
			name = Release;
		};
/* End XCBuildConfiguration section */

/* Begin XCConfigurationList section */
		4B3FC3CA2DD60AC700C39C40 /* Build configuration list for PBXProject "mineCrypto" */ = {
			isa = XCConfigurationList;
			buildConfigurations = (
				4B3FC3EE2DD60AC800C39C40 /* Debug */,
				4B3FC3EF2DD60AC800C39C40 /* Release */,
			);
			defaultConfigurationIsVisible = 0;
			defaultConfigurationName = Release;
		};
		4B3FC3F02DD60AC800C39C40 /* Build configuration list for PBXNativeTarget "mineCrypto" */ = {
			isa = XCConfigurationList;
			buildConfigurations = (
				4B3FC3F12DD60AC800C39C40 /* Debug */,
				4B3FC3F22DD60AC800C39C40 /* Release */,
			);
			defaultConfigurationIsVisible = 0;
			defaultConfigurationName = Release;
		};
		4B3FC3F32DD60AC800C39C40 /* Build configuration list for PBXNativeTarget "mineCryptoTests" */ = {
			isa = XCConfigurationList;
			buildConfigurations = (
				4B3FC3F42DD60AC800C39C40 /* Debug */,
				4B3FC3F52DD60AC800C39C40 /* Release */,
			);
			defaultConfigurationIsVisible = 0;
			defaultConfigurationName = Release;
		};
		4B3FC3F62DD60AC800C39C40 /* Build configuration list for PBXNativeTarget "mineCryptoUITests" */ = {
			isa = XCConfigurationList;
			buildConfigurations = (
				4B3FC3F72DD60AC800C39C40 /* Debug */,
				4B3FC3F82DD60AC800C39C40 /* Release */,
			);
			defaultConfigurationIsVisible = 0;
			defaultConfigurationName = Release;
		};
/* End XCConfigurationList section */
	};
	rootObject = 4B3FC3C72DD60AC700C39C40 /* Project object */;
}
